
Microsoft Visual Studio Solution File, Format Version 12.00
# Visual Studio Version 16
VisualStudioVersion = 16.0.29418.71
MinimumVisualStudioVersion = 10.0.40219.1
Project("{FAE04EC0-301F-11D3-BF4B-00C04F79EFBC}") = "Scripts", "Scripts\Scripts.csproj", "{216A3B13-35C1-478D-B4C6-889258114EE3}"
EndProject
Project("{2150E333-8FDC-42A3-9474-1A3956D46DE8}") = "Solution Items", "Solution Items", "{E4887D66-A21B-4001-8212-4E536B07BB46}"
	ProjectSection(SolutionItems) = preProject
		.editorconfig = .editorconfig
		.gitattributes = .gitattributes
		.gitignore = .gitignore
		Assets\Build-Blender-textures.ps1 = Assets\Build-Blender-textures.ps1
		Assets\Deploy.ps1 = Assets\Deploy.ps1
		Assets\Generate-icons.ps1 = Assets\Generate-icons.ps1
	EndProjectSection
EndProject
Project("{9A19103F-16F7-4668-BE54-9A1E7A4F7556}") = "SE Source", "..\..\Games\Steam\steamapps\common\SpaceEngineers\Content\SE Source.csproj", "{F3B3E06D-6421-486F-9C08-8C1D09719EE0}"
EndProject
Project("{9A19103F-16F7-4668-BE54-9A1E7A4F7556}") = "SE Mod SDK", "..\..\Games\Steam\steamapps\common\SpaceEngineersModSDK\SE Mod SDK.csproj", "{403043D6-20D7-4C31-80C5-3CD67C1FF625}"
EndProject
Project("{9A19103F-16F7-4668-BE54-9A1E7A4F7556}") = "More LCDs", "More LCDs\More LCDs.csproj", "{8B102ED9-429D-4502-A557-20A3537D42A5}"
EndProject
Project("{9A19103F-16F7-4668-BE54-9A1E7A4F7556}") = "More Conveyors", "More Conveyors\More Conveyors.csproj", "{ED8563DB-B0E7-4C43-B760-BEEE880EBFF7}"
EndProject
Project("{9A19103F-16F7-4668-BE54-9A1E7A4F7556}") = "Medical Facilities", "Medical Facilities\Medical Facilities.csproj", "{333C3ABE-287A-499C-B96B-7068D37BEED2}"
EndProject
Project("{2150E333-8FDC-42A3-9474-1A3956D46DE8}") = "Legacy", "Legacy", "{3425FC2A-9458-4E63-BB90-A28F29450C69}"
	ProjectSection(SolutionItems) = preProject
		Legacy\Medical Facilities - Legacy\Medical Facilities - Legacy.csproj = Legacy\Medical Facilities - Legacy\Medical Facilities - Legacy.csproj
		Legacy\More Catwalks - Legacy\More Catwalks - Legacy.csproj = Legacy\More Catwalks - Legacy\More Catwalks - Legacy.csproj
	EndProjectSection
EndProject
Project("{9A19103F-16F7-4668-BE54-9A1E7A4F7556}") = "Yet Another Stone or Ice Grinder", "Yet Another Stone or Ice Grinder\Yet Another Stone or Ice Grinder.csproj", "{5858D697-2C93-48A8-A2BD-7466315B915E}"
EndProject
Project("{2150E333-8FDC-42A3-9474-1A3956D46DE8}") = "Reference", "Reference", "{210C121F-1FD3-4945-BB4C-116E142BFD23}"
EndProject
Project("{9A19103F-16F7-4668-BE54-9A1E7A4F7556}") = "Variable Payload Warheads", "Variable Payload Warheads\Variable Payload Warheads.csproj", "{21D17CEC-0B34-4871-8A2B-A03CBDA920A0}"
EndProject
Project("{9A19103F-16F7-4668-BE54-9A1E7A4F7556}") = "Showroom", "Showroom\Showroom.csproj", "{2D38067D-5CFF-4EF3-9094-A03801DEACCE}"
EndProject
Project("{9A19103F-16F7-4668-BE54-9A1E7A4F7556}") = "More Catwalks", "More Catwalks\More Catwalks.csproj", "{68C7BDCC-FB88-490F-8080-2D5B0E485DFF}"
EndProject
Project("{9A19103F-16F7-4668-BE54-9A1E7A4F7556}") = "Colourable Scaffolding Blocks", "Colourable Scaffolding Blocks\Colourable Scaffolding Blocks.csproj", "{936B4E36-F72A-4B0A-92F3-61809F43133A}"
EndProject
Project("{9A19103F-16F7-4668-BE54-9A1E7A4F7556}") = "Basic Assemblers", "Basic Assemblers\Basic Assemblers.csproj", "{07017A02-7A0C-47B7-A538-A8B3245ABAE8}"
EndProject
Project("{9A19103F-16F7-4668-BE54-9A1E7A4F7556}") = "Xpar Modular Energy", "Xpar Modular Energy\Xpar Modular Energy.csproj", "{C1405F19-666F-40A8-BF9C-7A9034F97EE4}"
EndProject
Project("{9A19103F-16F7-4668-BE54-9A1E7A4F7556}") = "More Batteries", "More Batteries\More Batteries.csproj", "{4F3AE106-3687-4D8A-8BB8-B0FB9126AE49}"
EndProject
Global
	GlobalSection(SolutionConfigurationPlatforms) = preSolution
		Debug|Any CPU = Debug|Any CPU
		Deploy Build|Any CPU = Deploy Build|Any CPU
		Release|Any CPU = Release|Any CPU
	EndGlobalSection
	GlobalSection(ProjectConfigurationPlatforms) = postSolution
		{216A3B13-35C1-478D-B4C6-889258114EE3}.Debug|Any CPU.ActiveCfg = Debug|x64
		{216A3B13-35C1-478D-B4C6-889258114EE3}.Debug|Any CPU.Build.0 = Debug|x64
		{216A3B13-35C1-478D-B4C6-889258114EE3}.Deploy Build|Any CPU.ActiveCfg = Debug|Any CPU
		{216A3B13-35C1-478D-B4C6-889258114EE3}.Deploy Build|Any CPU.Build.0 = Debug|Any CPU
		{216A3B13-35C1-478D-B4C6-889258114EE3}.Release|Any CPU.ActiveCfg = Release|Any CPU
		{216A3B13-35C1-478D-B4C6-889258114EE3}.Release|Any CPU.Build.0 = Release|Any CPU
		{F3B3E06D-6421-486F-9C08-8C1D09719EE0}.Debug|Any CPU.ActiveCfg = Debug|Any CPU
		{F3B3E06D-6421-486F-9C08-8C1D09719EE0}.Debug|Any CPU.Build.0 = Debug|Any CPU
		{F3B3E06D-6421-486F-9C08-8C1D09719EE0}.Deploy Build|Any CPU.ActiveCfg = Deploy Build|Any CPU
		{F3B3E06D-6421-486F-9C08-8C1D09719EE0}.Deploy Build|Any CPU.Build.0 = Deploy Build|Any CPU
		{F3B3E06D-6421-486F-9C08-8C1D09719EE0}.Release|Any CPU.ActiveCfg = Release|Any CPU
		{F3B3E06D-6421-486F-9C08-8C1D09719EE0}.Release|Any CPU.Build.0 = Release|Any CPU
		{403043D6-20D7-4C31-80C5-3CD67C1FF625}.Debug|Any CPU.ActiveCfg = Debug|Any CPU
		{403043D6-20D7-4C31-80C5-3CD67C1FF625}.Debug|Any CPU.Build.0 = Debug|Any CPU
		{403043D6-20D7-4C31-80C5-3CD67C1FF625}.Deploy Build|Any CPU.ActiveCfg = Debug|Any CPU
		{403043D6-20D7-4C31-80C5-3CD67C1FF625}.Deploy Build|Any CPU.Build.0 = Debug|Any CPU
		{403043D6-20D7-4C31-80C5-3CD67C1FF625}.Release|Any CPU.ActiveCfg = Release|Any CPU
		{403043D6-20D7-4C31-80C5-3CD67C1FF625}.Release|Any CPU.Build.0 = Release|Any CPU
		{8B102ED9-429D-4502-A557-20A3537D42A5}.Debug|Any CPU.ActiveCfg = Debug|Any CPU
		{8B102ED9-429D-4502-A557-20A3537D42A5}.Debug|Any CPU.Build.0 = Debug|Any CPU
		{8B102ED9-429D-4502-A557-20A3537D42A5}.Deploy Build|Any CPU.ActiveCfg = Debug|Any CPU
		{8B102ED9-429D-4502-A557-20A3537D42A5}.Deploy Build|Any CPU.Build.0 = Debug|Any CPU
		{8B102ED9-429D-4502-A557-20A3537D42A5}.Release|Any CPU.ActiveCfg = Release|Any CPU
		{8B102ED9-429D-4502-A557-20A3537D42A5}.Release|Any CPU.Build.0 = Release|Any CPU
		{ED8563DB-B0E7-4C43-B760-BEEE880EBFF7}.Debug|Any CPU.ActiveCfg = Debug|Any CPU
		{ED8563DB-B0E7-4C43-B760-BEEE880EBFF7}.Debug|Any CPU.Build.0 = Debug|Any CPU
		{ED8563DB-B0E7-4C43-B760-BEEE880EBFF7}.Deploy Build|Any CPU.ActiveCfg = Debug|Any CPU
		{ED8563DB-B0E7-4C43-B760-BEEE880EBFF7}.Deploy Build|Any CPU.Build.0 = Debug|Any CPU
		{ED8563DB-B0E7-4C43-B760-BEEE880EBFF7}.Release|Any CPU.ActiveCfg = Release|Any CPU
		{ED8563DB-B0E7-4C43-B760-BEEE880EBFF7}.Release|Any CPU.Build.0 = Release|Any CPU
		{333C3ABE-287A-499C-B96B-7068D37BEED2}.Debug|Any CPU.ActiveCfg = Debug|Any CPU
		{333C3ABE-287A-499C-B96B-7068D37BEED2}.Debug|Any CPU.Build.0 = Debug|Any CPU
		{333C3ABE-287A-499C-B96B-7068D37BEED2}.Deploy Build|Any CPU.ActiveCfg = Debug|Any CPU
		{333C3ABE-287A-499C-B96B-7068D37BEED2}.Deploy Build|Any CPU.Build.0 = Debug|Any CPU
		{333C3ABE-287A-499C-B96B-7068D37BEED2}.Release|Any CPU.ActiveCfg = Release|Any CPU
		{333C3ABE-287A-499C-B96B-7068D37BEED2}.Release|Any CPU.Build.0 = Release|Any CPU
		{5858D697-2C93-48A8-A2BD-7466315B915E}.Debug|Any CPU.ActiveCfg = Debug|Any CPU
		{5858D697-2C93-48A8-A2BD-7466315B915E}.Debug|Any CPU.Build.0 = Debug|Any CPU
		{5858D697-2C93-48A8-A2BD-7466315B915E}.Deploy Build|Any CPU.ActiveCfg = Debug|Any CPU
		{5858D697-2C93-48A8-A2BD-7466315B915E}.Deploy Build|Any CPU.Build.0 = Debug|Any CPU
		{5858D697-2C93-48A8-A2BD-7466315B915E}.Release|Any CPU.ActiveCfg = Release|Any CPU
		{5858D697-2C93-48A8-A2BD-7466315B915E}.Release|Any CPU.Build.0 = Release|Any CPU
		{21D17CEC-0B34-4871-8A2B-A03CBDA920A0}.Debug|Any CPU.ActiveCfg = Debug|Any CPU
		{21D17CEC-0B34-4871-8A2B-A03CBDA920A0}.Debug|Any CPU.Build.0 = Debug|Any CPU
		{21D17CEC-0B34-4871-8A2B-A03CBDA920A0}.Deploy Build|Any CPU.ActiveCfg = Debug|Any CPU
		{21D17CEC-0B34-4871-8A2B-A03CBDA920A0}.Deploy Build|Any CPU.Build.0 = Debug|Any CPU
		{21D17CEC-0B34-4871-8A2B-A03CBDA920A0}.Release|Any CPU.ActiveCfg = Release|Any CPU
		{21D17CEC-0B34-4871-8A2B-A03CBDA920A0}.Release|Any CPU.Build.0 = Release|Any CPU
		{2D38067D-5CFF-4EF3-9094-A03801DEACCE}.Debug|Any CPU.ActiveCfg = Debug|Any CPU
		{2D38067D-5CFF-4EF3-9094-A03801DEACCE}.Debug|Any CPU.Build.0 = Debug|Any CPU
		{2D38067D-5CFF-4EF3-9094-A03801DEACCE}.Deploy Build|Any CPU.ActiveCfg = Debug|Any CPU
		{2D38067D-5CFF-4EF3-9094-A03801DEACCE}.Deploy Build|Any CPU.Build.0 = Debug|Any CPU
		{2D38067D-5CFF-4EF3-9094-A03801DEACCE}.Release|Any CPU.ActiveCfg = Release|Any CPU
		{2D38067D-5CFF-4EF3-9094-A03801DEACCE}.Release|Any CPU.Build.0 = Release|Any CPU
		{68C7BDCC-FB88-490F-8080-2D5B0E485DFF}.Debug|Any CPU.ActiveCfg = Debug|Any CPU
		{68C7BDCC-FB88-490F-8080-2D5B0E485DFF}.Debug|Any CPU.Build.0 = Debug|Any CPU
		{68C7BDCC-FB88-490F-8080-2D5B0E485DFF}.Deploy Build|Any CPU.ActiveCfg = Debug|Any CPU
		{68C7BDCC-FB88-490F-8080-2D5B0E485DFF}.Deploy Build|Any CPU.Build.0 = Debug|Any CPU
		{68C7BDCC-FB88-490F-8080-2D5B0E485DFF}.Release|Any CPU.ActiveCfg = Release|Any CPU
		{68C7BDCC-FB88-490F-8080-2D5B0E485DFF}.Release|Any CPU.Build.0 = Release|Any CPU
		{936B4E36-F72A-4B0A-92F3-61809F43133A}.Debug|Any CPU.ActiveCfg = Debug|Any CPU
		{936B4E36-F72A-4B0A-92F3-61809F43133A}.Debug|Any CPU.Build.0 = Debug|Any CPU
		{936B4E36-F72A-4B0A-92F3-61809F43133A}.Deploy Build|Any CPU.ActiveCfg = Debug|Any CPU
		{936B4E36-F72A-4B0A-92F3-61809F43133A}.Deploy Build|Any CPU.Build.0 = Debug|Any CPU
		{936B4E36-F72A-4B0A-92F3-61809F43133A}.Release|Any CPU.ActiveCfg = Release|Any CPU
		{936B4E36-F72A-4B0A-92F3-61809F43133A}.Release|Any CPU.Build.0 = Release|Any CPU
		{07017A02-7A0C-47B7-A538-A8B3245ABAE8}.Debug|Any CPU.ActiveCfg = Debug|Any CPU
		{07017A02-7A0C-47B7-A538-A8B3245ABAE8}.Debug|Any CPU.Build.0 = Debug|Any CPU
		{07017A02-7A0C-47B7-A538-A8B3245ABAE8}.Deploy Build|Any CPU.ActiveCfg = Debug|Any CPU
		{07017A02-7A0C-47B7-A538-A8B3245ABAE8}.Deploy Build|Any CPU.Build.0 = Debug|Any CPU
		{07017A02-7A0C-47B7-A538-A8B3245ABAE8}.Release|Any CPU.ActiveCfg = Release|Any CPU
		{07017A02-7A0C-47B7-A538-A8B3245ABAE8}.Release|Any CPU.Build.0 = Release|Any CPU
		{C1405F19-666F-40A8-BF9C-7A9034F97EE4}.Debug|Any CPU.ActiveCfg = Debug|Any CPU
		{C1405F19-666F-40A8-BF9C-7A9034F97EE4}.Debug|Any CPU.Build.0 = Debug|Any CPU
		{C1405F19-666F-40A8-BF9C-7A9034F97EE4}.Deploy Build|Any CPU.ActiveCfg = Debug|Any CPU
		{C1405F19-666F-40A8-BF9C-7A9034F97EE4}.Deploy Build|Any CPU.Build.0 = Debug|Any CPU
		{C1405F19-666F-40A8-BF9C-7A9034F97EE4}.Release|Any CPU.ActiveCfg = Release|Any CPU
		{C1405F19-666F-40A8-BF9C-7A9034F97EE4}.Release|Any CPU.Build.0 = Release|Any CPU
		{4F3AE106-3687-4D8A-8BB8-B0FB9126AE49}.Debug|Any CPU.ActiveCfg = Debug|Any CPU
		{4F3AE106-3687-4D8A-8BB8-B0FB9126AE49}.Debug|Any CPU.Build.0 = Debug|Any CPU
		{4F3AE106-3687-4D8A-8BB8-B0FB9126AE49}.Deploy Build|Any CPU.ActiveCfg = Debug|Any CPU
		{4F3AE106-3687-4D8A-8BB8-B0FB9126AE49}.Deploy Build|Any CPU.Build.0 = Debug|Any CPU
		{4F3AE106-3687-4D8A-8BB8-B0FB9126AE49}.Release|Any CPU.ActiveCfg = Release|Any CPU
		{4F3AE106-3687-4D8A-8BB8-B0FB9126AE49}.Release|Any CPU.Build.0 = Release|Any CPU
	EndGlobalSection
	GlobalSection(SolutionProperties) = preSolution
		HideSolutionNode = FALSE
	EndGlobalSection
	GlobalSection(NestedProjects) = preSolution
		{F3B3E06D-6421-486F-9C08-8C1D09719EE0} = {210C121F-1FD3-4945-BB4C-116E142BFD23}
		{403043D6-20D7-4C31-80C5-3CD67C1FF625} = {210C121F-1FD3-4945-BB4C-116E142BFD23}
		{C1405F19-666F-40A8-BF9C-7A9034F97EE4} = {210C121F-1FD3-4945-BB4C-116E142BFD23}
	EndGlobalSection
	GlobalSection(ExtensibilityGlobals) = postSolution
		SolutionGuid = {1336803C-9F89-46A6-B168-DF1723C2F7DB}
	EndGlobalSection
EndGlobal
