
Microsoft Visual Studio Solution File, Format Version 12.00
# Visual Studio 14
VisualStudioVersion = 14.0.25420.1
MinimumVisualStudioVersion = 10.0.40219.1
Project("{FAE04EC0-301F-11D3-BF4B-00C04F79EFBC}") = "Scripts", "Scripts\Scripts.csproj", "{216A3B13-35C1-478D-B4C6-889258114EE3}"
EndProject
Project("{F5034706-568F-408A-B7B3-4D38C6DB8A32}") = "Variable Payload Warheads", "Variable Payload Warheads\Variable Payload Warheads.pssproj", "{54225E8A-BEE2-43F5-A122-CCED2FBCCD9D}"
EndProject
Project("{F5034706-568F-408A-B7B3-4D38C6DB8A32}") = "More Catwalks", "More Catwalks\More Catwalks.pssproj", "{7621A3CB-5F4A-4582-A4EA-4C835B130BF3}"
EndProject
Project("{2150E333-8FDC-42A3-9474-1A3956D46DE8}") = "Solution Items", "Solution Items", "{E4887D66-A21B-4001-8212-4E536B07BB46}"
	ProjectSection(SolutionItems) = preProject
		.gitattributes = .gitattributes
		.gitignore = .gitignore
		Build-Blender-textures.ps1 = Build-Blender-textures.ps1
	EndProjectSection
EndProject
Project("{F5034706-568F-408A-B7B3-4D38C6DB8A32}") = "Medical Facilities", "Medical Facilities\Medical Facilities.pssproj", "{D6BE7C9E-EFB0-4917-8B7D-8A450A25DD12}"
EndProject
Project("{F5034706-568F-408A-B7B3-4D38C6DB8A32}") = "More LCDs", "More LCDs\More LCDs.pssproj", "{C1D7575C-AFB5-4877-AC7B-B46B60171EED}"
EndProject
Project("{F5034706-568F-408A-B7B3-4D38C6DB8A32}") = "Utility Panels", "Utility Panels\Utility Panels.pssproj", "{0DDFD41A-A0E5-447F-AAFB-C43C518D5EE6}"
EndProject
Project("{F5034706-568F-408A-B7B3-4D38C6DB8A32}") = "Medical Facilities - Legacy", "Medical Facilities - Legacy\Medical Facilities - Legacy.pssproj", "{1C95A340-B7E9-4B2D-9CFB-F2E1DB1BD98F}"
EndProject
Project("{F5034706-568F-408A-B7B3-4D38C6DB8A32}") = "More Catwalks - Legacy", "More Catwalks - Legacy\More Catwalks - Legacy.pssproj", "{B8273242-82D6-42FF-8BA6-4B665B038798}"
EndProject
Project("{F5034706-568F-408A-B7B3-4D38C6DB8A32}") = "Legacy Block", "Legacy Block\Legacy Block.pssproj", "{03323D43-B883-4901-B3A6-7C355F5A76B9}"
EndProject
Project("{F5034706-568F-408A-B7B3-4D38C6DB8A32}") = "Colourable Scaffolding Blocks", "Colourable Scaffolding Blocks\Colourable Scaffolding Blocks.pssproj", "{6CAFC0C6-A428-4D30-A9F9-700E829FEA51}"
EndProject
Global
	GlobalSection(SolutionConfigurationPlatforms) = preSolution
		Debug|Any CPU = Debug|Any CPU
		Release|Any CPU = Release|Any CPU
	EndGlobalSection
	GlobalSection(ProjectConfigurationPlatforms) = postSolution
		{216A3B13-35C1-478D-B4C6-889258114EE3}.Debug|Any CPU.ActiveCfg = Debug|Any CPU
		{216A3B13-35C1-478D-B4C6-889258114EE3}.Debug|Any CPU.Build.0 = Debug|Any CPU
		{216A3B13-35C1-478D-B4C6-889258114EE3}.Release|Any CPU.ActiveCfg = Release|Any CPU
		{216A3B13-35C1-478D-B4C6-889258114EE3}.Release|Any CPU.Build.0 = Release|Any CPU
		{54225E8A-BEE2-43F5-A122-CCED2FBCCD9D}.Debug|Any CPU.ActiveCfg = Debug|Any CPU
		{54225E8A-BEE2-43F5-A122-CCED2FBCCD9D}.Debug|Any CPU.Build.0 = Debug|Any CPU
		{54225E8A-BEE2-43F5-A122-CCED2FBCCD9D}.Release|Any CPU.ActiveCfg = Release|Any CPU
		{54225E8A-BEE2-43F5-A122-CCED2FBCCD9D}.Release|Any CPU.Build.0 = Release|Any CPU
		{7621A3CB-5F4A-4582-A4EA-4C835B130BF3}.Debug|Any CPU.ActiveCfg = Debug|Any CPU
		{7621A3CB-5F4A-4582-A4EA-4C835B130BF3}.Debug|Any CPU.Build.0 = Debug|Any CPU
		{7621A3CB-5F4A-4582-A4EA-4C835B130BF3}.Release|Any CPU.ActiveCfg = Release|Any CPU
		{7621A3CB-5F4A-4582-A4EA-4C835B130BF3}.Release|Any CPU.Build.0 = Release|Any CPU
		{D6BE7C9E-EFB0-4917-8B7D-8A450A25DD12}.Debug|Any CPU.ActiveCfg = Debug|Any CPU
		{D6BE7C9E-EFB0-4917-8B7D-8A450A25DD12}.Debug|Any CPU.Build.0 = Debug|Any CPU
		{D6BE7C9E-EFB0-4917-8B7D-8A450A25DD12}.Release|Any CPU.ActiveCfg = Release|Any CPU
		{D6BE7C9E-EFB0-4917-8B7D-8A450A25DD12}.Release|Any CPU.Build.0 = Release|Any CPU
		{C1D7575C-AFB5-4877-AC7B-B46B60171EED}.Debug|Any CPU.ActiveCfg = Debug|Any CPU
		{C1D7575C-AFB5-4877-AC7B-B46B60171EED}.Debug|Any CPU.Build.0 = Debug|Any CPU
		{C1D7575C-AFB5-4877-AC7B-B46B60171EED}.Release|Any CPU.ActiveCfg = Release|Any CPU
		{C1D7575C-AFB5-4877-AC7B-B46B60171EED}.Release|Any CPU.Build.0 = Release|Any CPU
		{0DDFD41A-A0E5-447F-AAFB-C43C518D5EE6}.Debug|Any CPU.ActiveCfg = Debug|Any CPU
		{0DDFD41A-A0E5-447F-AAFB-C43C518D5EE6}.Debug|Any CPU.Build.0 = Debug|Any CPU
		{0DDFD41A-A0E5-447F-AAFB-C43C518D5EE6}.Release|Any CPU.ActiveCfg = Release|Any CPU
		{0DDFD41A-A0E5-447F-AAFB-C43C518D5EE6}.Release|Any CPU.Build.0 = Release|Any CPU
		{1C95A340-B7E9-4B2D-9CFB-F2E1DB1BD98F}.Debug|Any CPU.ActiveCfg = Debug|Any CPU
		{1C95A340-B7E9-4B2D-9CFB-F2E1DB1BD98F}.Debug|Any CPU.Build.0 = Debug|Any CPU
		{1C95A340-B7E9-4B2D-9CFB-F2E1DB1BD98F}.Release|Any CPU.ActiveCfg = Release|Any CPU
		{1C95A340-B7E9-4B2D-9CFB-F2E1DB1BD98F}.Release|Any CPU.Build.0 = Release|Any CPU
		{B8273242-82D6-42FF-8BA6-4B665B038798}.Debug|Any CPU.ActiveCfg = Debug|Any CPU
		{B8273242-82D6-42FF-8BA6-4B665B038798}.Debug|Any CPU.Build.0 = Debug|Any CPU
		{B8273242-82D6-42FF-8BA6-4B665B038798}.Release|Any CPU.ActiveCfg = Release|Any CPU
		{B8273242-82D6-42FF-8BA6-4B665B038798}.Release|Any CPU.Build.0 = Release|Any CPU
		{03323D43-B883-4901-B3A6-7C355F5A76B9}.Debug|Any CPU.ActiveCfg = Debug|Any CPU
		{03323D43-B883-4901-B3A6-7C355F5A76B9}.Debug|Any CPU.Build.0 = Debug|Any CPU
		{03323D43-B883-4901-B3A6-7C355F5A76B9}.Release|Any CPU.ActiveCfg = Release|Any CPU
		{03323D43-B883-4901-B3A6-7C355F5A76B9}.Release|Any CPU.Build.0 = Release|Any CPU
		{6CAFC0C6-A428-4D30-A9F9-700E829FEA51}.Debug|Any CPU.ActiveCfg = Debug|Any CPU
		{6CAFC0C6-A428-4D30-A9F9-700E829FEA51}.Debug|Any CPU.Build.0 = Debug|Any CPU
		{6CAFC0C6-A428-4D30-A9F9-700E829FEA51}.Release|Any CPU.ActiveCfg = Release|Any CPU
		{6CAFC0C6-A428-4D30-A9F9-700E829FEA51}.Release|Any CPU.Build.0 = Release|Any CPU
	EndGlobalSection
	GlobalSection(SolutionProperties) = preSolution
		HideSolutionNode = FALSE
	EndGlobalSection
EndGlobal
